{
  "version": 4,
  "terraform_version": "1.9.3",
  "serial": 135,
  "lineage": "a517e7fe-5203-977f-25f6-4bb481175bf6",
  "outputs": {
    "s3_bucket_arn": {
      "value": "arn:aws:s3:::tf-my-test-s3-bucket",
      "type": "string"
    },
    "s3_bucket_domain": {
      "value": "tf-my-test-s3-bucket.s3.amazonaws.com",
      "type": "string"
    },
    "s3_bucket_id": {
      "value": "tf-my-test-s3-bucket",
      "type": "string"
    }
  },
  "resources": [
    {
      "mode": "managed",
      "type": "aws_key_pair",
      "name": "deployer",
      "provider": "provider[\"registry.terraform.io/hashicorp/aws\"]",
      "instances": [
        {
          "schema_version": 1,
          "attributes": {
            "arn": "arn:aws:ec2:ap-northeast-1:637423624556:key-pair/deployer-key",
            "fingerprint": "1f:74:ed:46:54:3b:d3:8f:3f:53:ac:0d:fb:0e:08:d4",
            "id": "deployer-key",
            "key_name": "deployer-key",
            "key_name_prefix": "",
            "key_pair_id": "key-018719b10820b9b7d",
            "key_type": "rsa",
            "public_key": "ssh-rsa AAAAB3NzaC1yc2EAAAADAQABAAABgQDIYXWLWQzpaMwCFXCSCAk6QbOkLGoL6OYEdqZbxOL0iLKtWHiJijBp2t8vWrWbzm18heAtJY2IxcXP1aH37WJuesx15m18ycJrjE5HKc2d5yczOzGWs9NNewN2BvuTox6T1WolCfK9mWU5v33xPHVKNXhyKjFVX+wpc+9BsSgeA8XR8H5wWzRqQCRCbNE2za59odMidzbd5TiT22M05YftuB8rLKP8VHHreUwXKbJIA3zlbRlmx0ZIFTIabB56Ed8z3pI/GfgwP/d54ALTR0j9QJ+Y+KlNndWHTQI7Nv45WgUD4TP+3pGCpuwtI2Rdfp61tbJKKhBx4DLbMhTczyl25jR/f1futo1PSzEnz6jBEsdos/o23dPcTyEdzo8NElEtjgASiu2IMnTFy1MqaUJ6LPqxrbeHjJg1wdsMrhprkH4cSS+NeVQFrWk4XAyLHWQClvvdVvMY00gYqo4tHYWiIEKmtxVhz/8Ai6KyyAwUwUTBFK0an7f9/GlLsYY7qGc= adeolu@Adeolu-Adeyemi",
            "tags": {},
            "tags_all": {}
          },
          "sensitive_attributes": [],
          "private": "eyJzY2hlbWFfdmVyc2lvbiI6IjEifQ=="
        }
      ]
    },
    {
      "module": "module.aws_s3_bucket_policy",
      "mode": "data",
      "type": "aws_iam_policy_document",
      "name": "allow_access_from_another_account",
      "provider": "provider[\"registry.terraform.io/hashicorp/aws\"]",
      "instances": [
        {
          "schema_version": 0,
          "attributes": {
            "id": "2508836047",
            "json": "{\n  \"Version\": \"2012-10-17\",\n  \"Statement\": [\n    {\n      \"Sid\": \"\",\n      \"Effect\": \"Allow\",\n      \"Action\": [\n        \"s3:ListBucket\",\n        \"s3:GetObject\"\n      ],\n      \"Resource\": [\n        \"arn:aws:s3:::tf-my-test-s3-bucket/*\",\n        \"arn:aws:s3:::tf-my-test-s3-bucket\"\n      ],\n      \"Principal\": {\n        \"AWS\": \"*\"\n      }\n    }\n  ]\n}",
            "override_json": null,
            "override_policy_documents": null,
            "policy_id": null,
            "source_json": null,
            "source_policy_documents": null,
            "statement": [
              {
                "actions": [
                  "s3:GetObject",
                  "s3:ListBucket"
                ],
                "condition": [],
                "effect": "Allow",
                "not_actions": [],
                "not_principals": [],
                "not_resources": [],
                "principals": [
                  {
                    "identifiers": [
                      "*"
                    ],
                    "type": "AWS"
                  }
                ],
                "resources": [
                  "arn:aws:s3:::tf-my-test-s3-bucket",
                  "arn:aws:s3:::tf-my-test-s3-bucket/*"
                ],
                "sid": ""
              }
            ],
            "version": "2012-10-17"
          },
          "sensitive_attributes": []
        }
      ]
    },
    {
      "module": "module.aws_s3_bucket_policy",
      "mode": "managed",
      "type": "aws_s3_bucket_policy",
      "name": "allow_access_from_another_account",
      "provider": "provider[\"registry.terraform.io/hashicorp/aws\"]",
      "instances": [
        {
          "schema_version": 0,
          "attributes": {
            "bucket": "tf-my-test-s3-bucket",
            "id": "tf-my-test-s3-bucket",
            "policy": "{\"Statement\":[{\"Action\":[\"s3:ListBucket\",\"s3:GetObject\"],\"Effect\":\"Allow\",\"Principal\":{\"AWS\":\"*\"},\"Resource\":[\"arn:aws:s3:::tf-my-test-s3-bucket/*\",\"arn:aws:s3:::tf-my-test-s3-bucket\"],\"Sid\":\"\"}],\"Version\":\"2012-10-17\"}"
          },
          "sensitive_attributes": [],
          "private": "bnVsbA==",
          "dependencies": [
            "module.aws_s3_bucket_policy.data.aws_iam_policy_document.allow_access_from_another_account",
            "module.s3_bucket.aws_s3_bucket.demo_bucket"
          ]
        }
      ]
    },
    {
      "module": "module.aws_s3_bucket_website_configuration",
      "mode": "managed",
      "type": "aws_s3_bucket_website_configuration",
      "name": "demo_bucket_cnf",
      "provider": "provider[\"registry.terraform.io/hashicorp/aws\"]",
      "instances": [
        {
          "schema_version": 0,
          "attributes": {
            "bucket": "tf-my-test-s3-bucket",
            "error_document": [
              {
                "key": "error.html"
              }
            ],
            "expected_bucket_owner": "",
            "id": "tf-my-test-s3-bucket",
            "index_document": [
              {
                "suffix": "index.html"
              }
            ],
            "redirect_all_requests_to": [],
            "routing_rule": [
              {
                "condition": [
                  {
                    "http_error_code_returned_equals": "",
                    "key_prefix_equals": "docs/"
                  }
                ],
                "redirect": [
                  {
                    "host_name": "",
                    "http_redirect_code": "",
                    "protocol": "",
                    "replace_key_prefix_with": "documents/",
                    "replace_key_with": ""
                  }
                ]
              }
            ],
            "routing_rules": "[{\"Condition\":{\"KeyPrefixEquals\":\"docs/\"},\"Redirect\":{\"ReplaceKeyPrefixWith\":\"documents/\"}}]",
            "website_domain": "s3-website-ap-northeast-1.amazonaws.com",
            "website_endpoint": "tf-my-test-s3-bucket.s3-website-ap-northeast-1.amazonaws.com"
          },
          "sensitive_attributes": [],
          "private": "bnVsbA==",
          "dependencies": [
            "module.s3_bucket.aws_s3_bucket.demo_bucket"
          ]
        }
      ]
    },
    {
      "module": "module.s3_bucket",
      "mode": "managed",
      "type": "aws_s3_bucket",
      "name": "demo_bucket",
      "provider": "provider[\"registry.terraform.io/hashicorp/aws\"]",
      "instances": [
        {
          "schema_version": 0,
          "attributes": {
            "acceleration_status": "",
            "acl": null,
            "arn": "arn:aws:s3:::tf-my-test-s3-bucket",
            "bucket": "tf-my-test-s3-bucket",
            "bucket_domain_name": "tf-my-test-s3-bucket.s3.amazonaws.com",
            "bucket_prefix": "",
            "bucket_regional_domain_name": "tf-my-test-s3-bucket.s3.ap-northeast-1.amazonaws.com",
            "cors_rule": [],
            "force_destroy": false,
            "grant": [
              {
                "id": "",
                "permissions": [
                  "READ"
                ],
                "type": "Group",
                "uri": "http://acs.amazonaws.com/groups/global/AllUsers"
              },
              {
                "id": "e65cdef4e396fcbe2d114ff8935db426c615b9a2a0b74eaae4d604a89ec46ac5",
                "permissions": [
                  "FULL_CONTROL"
                ],
                "type": "CanonicalUser",
                "uri": ""
              }
            ],
            "hosted_zone_id": "Z2M4EHUR26P7ZW",
            "id": "tf-my-test-s3-bucket",
            "lifecycle_rule": [],
            "logging": [],
            "object_lock_configuration": [],
            "object_lock_enabled": false,
            "policy": "{\"Statement\":[{\"Action\":[\"s3:ListBucket\",\"s3:GetObject\"],\"Effect\":\"Allow\",\"Principal\":{\"AWS\":\"*\"},\"Resource\":[\"arn:aws:s3:::tf-my-test-s3-bucket/*\",\"arn:aws:s3:::tf-my-test-s3-bucket\"],\"Sid\":\"\"}],\"Version\":\"2012-10-17\"}",
            "region": "ap-northeast-1",
            "replication_configuration": [],
            "request_payer": "BucketOwner",
            "server_side_encryption_configuration": [
              {
                "rule": [
                  {
                    "apply_server_side_encryption_by_default": [
                      {
                        "kms_master_key_id": "",
                        "sse_algorithm": "AES256"
                      }
                    ],
                    "bucket_key_enabled": false
                  }
                ]
              }
            ],
            "tags": {
              "Environment": "Dev",
              "Name": "TF bucket"
            },
            "tags_all": {
              "Environment": "Dev",
              "Name": "TF bucket"
            },
            "timeouts": null,
            "versioning": [
              {
                "enabled": false,
                "mfa_delete": false
              }
            ],
            "website": [
              {
                "error_document": "error.html",
                "index_document": "index.html",
                "redirect_all_requests_to": "",
                "routing_rules": "[{\"Condition\":{\"KeyPrefixEquals\":\"docs/\"},\"Redirect\":{\"ReplaceKeyPrefixWith\":\"documents/\"}}]"
              }
            ],
            "website_domain": "s3-website-ap-northeast-1.amazonaws.com",
            "website_endpoint": "tf-my-test-s3-bucket.s3-website-ap-northeast-1.amazonaws.com"
          },
          "sensitive_attributes": [],
          "private": "eyJlMmJmYjczMC1lY2FhLTExZTYtOGY4OC0zNDM2M2JjN2M0YzAiOnsiY3JlYXRlIjoxMjAwMDAwMDAwMDAwLCJkZWxldGUiOjM2MDAwMDAwMDAwMDAsInJlYWQiOjEyMDAwMDAwMDAwMDAsInVwZGF0ZSI6MTIwMDAwMDAwMDAwMH19"
        }
      ]
    },
    {
      "module": "module.s3_bucket_acl",
      "mode": "managed",
      "type": "aws_s3_bucket_acl",
      "name": "demo_bucket_acl",
      "provider": "provider[\"registry.terraform.io/hashicorp/aws\"]",
      "instances": [
        {
          "schema_version": 0,
          "attributes": {
            "access_control_policy": [
              {
                "grant": [
                  {
                    "grantee": [
                      {
                        "display_name": "",
                        "email_address": "",
                        "id": "",
                        "type": "Group",
                        "uri": "http://acs.amazonaws.com/groups/global/AllUsers"
                      }
                    ],
                    "permission": "READ"
                  },
                  {
                    "grantee": [
                      {
                        "display_name": "team",
                        "email_address": "",
                        "id": "e65cdef4e396fcbe2d114ff8935db426c615b9a2a0b74eaae4d604a89ec46ac5",
                        "type": "CanonicalUser",
                        "uri": ""
                      }
                    ],
                    "permission": "FULL_CONTROL"
                  }
                ],
                "owner": [
                  {
                    "display_name": "team",
                    "id": "e65cdef4e396fcbe2d114ff8935db426c615b9a2a0b74eaae4d604a89ec46ac5"
                  }
                ]
              }
            ],
            "acl": "public-read",
            "bucket": "tf-my-test-s3-bucket",
            "expected_bucket_owner": "",
            "id": "tf-my-test-s3-bucket,public-read"
          },
          "sensitive_attributes": [],
          "private": "bnVsbA==",
          "dependencies": [
            "module.s3_bucket.aws_s3_bucket.demo_bucket",
            "module.s3_bucket_acl.aws_s3_bucket_ownership_controls.demo_bucket_cntr",
            "module.s3_bucket_acl.aws_s3_bucket_public_access_block.demo_bucket_ac_bl"
          ]
        }
      ]
    },
    {
      "module": "module.s3_bucket_acl",
      "mode": "managed",
      "type": "aws_s3_bucket_ownership_controls",
      "name": "demo_bucket_cntr",
      "provider": "provider[\"registry.terraform.io/hashicorp/aws\"]",
      "instances": [
        {
          "schema_version": 0,
          "attributes": {
            "bucket": "tf-my-test-s3-bucket",
            "id": "tf-my-test-s3-bucket",
            "rule": [
              {
                "object_ownership": "BucketOwnerPreferred"
              }
            ]
          },
          "sensitive_attributes": [],
          "private": "bnVsbA==",
          "dependencies": [
            "module.s3_bucket.aws_s3_bucket.demo_bucket"
          ]
        }
      ]
    },
    {
      "module": "module.s3_bucket_acl",
      "mode": "managed",
      "type": "aws_s3_bucket_public_access_block",
      "name": "demo_bucket_ac_bl",
      "provider": "provider[\"registry.terraform.io/hashicorp/aws\"]",
      "instances": [
        {
          "schema_version": 0,
          "attributes": {
            "block_public_acls": false,
            "block_public_policy": false,
            "bucket": "tf-my-test-s3-bucket",
            "id": "tf-my-test-s3-bucket",
            "ignore_public_acls": false,
            "restrict_public_buckets": false
          },
          "sensitive_attributes": [],
          "private": "bnVsbA==",
          "dependencies": [
            "module.s3_bucket.aws_s3_bucket.demo_bucket"
          ]
        }
      ]
    }
  ],
  "check_results": null
}
